{
  "pins" : [
    {
      "identity" : "rxappstate",
      "kind" : "remoteSourceControl",
      "location" : "https://github.com/pixeldock/RxAppState.git",
      "state" : {
        "branch" : "master",
        "revision" : "6d53124b16a4027a55c892815c45deb2e7da8ca0"
      }
    },
    {
      "identity" : "rxswift",
      "kind" : "remoteSourceControl",
      "location" : "https://github.com/ReactiveX/RxSwift",
      "state" : {
        "branch" : "main",
        "revision" : "91a36920b1ec069004fef9dc41b7c5dbcaa5fffe"
      }
    },
    {
      "identity" : "snapkit",
      "kind" : "remoteSourceControl",
      "location" : "https://github.com/SnapKit/SnapKit",
      "state" : {
        "branch" : "develop",
        "revision" : "58320fe80522414bf3a7e24c88123581dc586752"
      }
    }
  ],
  "version" : 2
}
